
Microsoft Visual Studio Solution File, Format Version 12.00
# Visual Studio Version 17
VisualStudioVersion = 17.3.32922.545
MinimumVisualStudioVersion = 10.0.40219.1
Project("{FAE04EC0-301F-11D3-BF4B-00C04F79EFBC}") = "WpfApp1", "WpfApp1.csproj", "{F4D063B2-DB0D-4704-A580-B13F0F642DCF}"
EndProject
Global
	GlobalSection(SolutionConfigurationPlatforms) = preSolution
		Debug|Any CPU = Debug|Any CPU
		Release|Any CPU = Release|Any CPU
	EndGlobalSection
	GlobalSection(ProjectConfigurationPlatforms) = postSolution
		{F4D063B2-DB0D-4704-A580-B13F0F642DCF}.Debug|Any CPU.ActiveCfg = Debug|Any CPU
		{F4D063B2-DB0D-4704-A580-B13F0F642DCF}.Debug|Any CPU.Build.0 = Debug|Any CPU
		{F4D063B2-DB0D-4704-A580-B13F0F642DCF}.Release|Any CPU.ActiveCfg = Release|Any CPU
		{F4D063B2-DB0D-4704-A580-B13F0F642DCF}.Release|Any CPU.Build.0 = Release|Any CPU
	EndGlobalSection
	GlobalSection(SolutionProperties) = preSolution
		HideSolutionNode = FALSE
	EndGlobalSection
	GlobalSection(ExtensibilityGlobals) = postSolution
		SolutionGuid = {7EE09749-8AB0-4A75-A49B-EDCE0BD35960}
	EndGlobalSection
EndGlobal
